
Microsoft Visual Studio Solution File, Format Version 12.00
# Visual Studio 15
VisualStudioVersion = 15.0.28307.572
MinimumVisualStudioVersion = 10.0.40219.1
Project("{FAE04EC0-301F-11D3-BF4B-00C04F79EFBC}") = "ClubOrganiser.Android", "ClubOrganiser\ClubOrganiser.Android\ClubOrganiser.Android.csproj", "{2080AAF0-EFA8-4D40-BDE0-23B13396E84C}"
EndProject
Project("{FAE04EC0-301F-11D3-BF4B-00C04F79EFBC}") = "ClubOrganiser.iOS", "ClubOrganiser\ClubOrganiser.iOS\ClubOrganiser.iOS.csproj", "{890F9A13-56DF-4BD9-A841-CE982F0EF454}"
EndProject
Project("{FAE04EC0-301F-11D3-BF4B-00C04F79EFBC}") = "ClubOrganiser", "ClubOrganiser\ClubOrganiser\ClubOrganiser.csproj", "{4D3EDABE-5B33-41CA-9469-FE246940FF40}"
EndProject
Global
	GlobalSection(SolutionConfigurationPlatforms) = preSolution
		Ad-Hoc|Any CPU = Ad-Hoc|Any CPU
		Ad-Hoc|iPhone = Ad-Hoc|iPhone
		Ad-Hoc|iPhoneSimulator = Ad-Hoc|iPhoneSimulator
		AppStore|Any CPU = AppStore|Any CPU
		AppStore|iPhone = AppStore|iPhone
		AppStore|iPhoneSimulator = AppStore|iPhoneSimulator
		Debug|Any CPU = Debug|Any CPU
		Debug|iPhone = Debug|iPhone
		Debug|iPhoneSimulator = Debug|iPhoneSimulator
		Release|Any CPU = Release|Any CPU
		Release|iPhone = Release|iPhone
		Release|iPhoneSimulator = Release|iPhoneSimulator
	EndGlobalSection
	GlobalSection(ProjectConfigurationPlatforms) = postSolution
		{2080AAF0-EFA8-4D40-BDE0-23B13396E84C}.Ad-Hoc|Any CPU.ActiveCfg = Release|Any CPU
		{2080AAF0-EFA8-4D40-BDE0-23B13396E84C}.Ad-Hoc|Any CPU.Build.0 = Release|Any CPU
		{2080AAF0-EFA8-4D40-BDE0-23B13396E84C}.Ad-Hoc|Any CPU.Deploy.0 = Release|Any CPU
		{2080AAF0-EFA8-4D40-BDE0-23B13396E84C}.Ad-Hoc|iPhone.ActiveCfg = Release|Any CPU
		{2080AAF0-EFA8-4D40-BDE0-23B13396E84C}.Ad-Hoc|iPhone.Build.0 = Release|Any CPU
		{2080AAF0-EFA8-4D40-BDE0-23B13396E84C}.Ad-Hoc|iPhone.Deploy.0 = Release|Any CPU
		{2080AAF0-EFA8-4D40-BDE0-23B13396E84C}.Ad-Hoc|iPhoneSimulator.ActiveCfg = Release|Any CPU
		{2080AAF0-EFA8-4D40-BDE0-23B13396E84C}.Ad-Hoc|iPhoneSimulator.Build.0 = Release|Any CPU
		{2080AAF0-EFA8-4D40-BDE0-23B13396E84C}.Ad-Hoc|iPhoneSimulator.Deploy.0 = Release|Any CPU
		{2080AAF0-EFA8-4D40-BDE0-23B13396E84C}.AppStore|Any CPU.ActiveCfg = Release|Any CPU
		{2080AAF0-EFA8-4D40-BDE0-23B13396E84C}.AppStore|Any CPU.Build.0 = Release|Any CPU
		{2080AAF0-EFA8-4D40-BDE0-23B13396E84C}.AppStore|Any CPU.Deploy.0 = Release|Any CPU
		{2080AAF0-EFA8-4D40-BDE0-23B13396E84C}.AppStore|iPhone.ActiveCfg = Release|Any CPU
		{2080AAF0-EFA8-4D40-BDE0-23B13396E84C}.AppStore|iPhone.Build.0 = Release|Any CPU
		{2080AAF0-EFA8-4D40-BDE0-23B13396E84C}.AppStore|iPhone.Deploy.0 = Release|Any CPU
		{2080AAF0-EFA8-4D40-BDE0-23B13396E84C}.AppStore|iPhoneSimulator.ActiveCfg = Release|Any CPU
		{2080AAF0-EFA8-4D40-BDE0-23B13396E84C}.AppStore|iPhoneSimulator.Build.0 = Release|Any CPU
		{2080AAF0-EFA8-4D40-BDE0-23B13396E84C}.AppStore|iPhoneSimulator.Deploy.0 = Release|Any CPU
		{2080AAF0-EFA8-4D40-BDE0-23B13396E84C}.Debug|Any CPU.ActiveCfg = Debug|Any CPU
		{2080AAF0-EFA8-4D40-BDE0-23B13396E84C}.Debug|Any CPU.Build.0 = Debug|Any CPU
		{2080AAF0-EFA8-4D40-BDE0-23B13396E84C}.Debug|Any CPU.Deploy.0 = Debug|Any CPU
		{2080AAF0-EFA8-4D40-BDE0-23B13396E84C}.Debug|iPhone.ActiveCfg = Debug|Any CPU
		{2080AAF0-EFA8-4D40-BDE0-23B13396E84C}.Debug|iPhone.Build.0 = Debug|Any CPU
		{2080AAF0-EFA8-4D40-BDE0-23B13396E84C}.Debug|iPhone.Deploy.0 = Debug|Any CPU
		{2080AAF0-EFA8-4D40-BDE0-23B13396E84C}.Debug|iPhoneSimulator.ActiveCfg = Debug|Any CPU
		{2080AAF0-EFA8-4D40-BDE0-23B13396E84C}.Debug|iPhoneSimulator.Build.0 = Debug|Any CPU
		{2080AAF0-EFA8-4D40-BDE0-23B13396E84C}.Debug|iPhoneSimulator.Deploy.0 = Debug|Any CPU
		{2080AAF0-EFA8-4D40-BDE0-23B13396E84C}.Release|Any CPU.ActiveCfg = Release|Any CPU
		{2080AAF0-EFA8-4D40-BDE0-23B13396E84C}.Release|Any CPU.Build.0 = Release|Any CPU
		{2080AAF0-EFA8-4D40-BDE0-23B13396E84C}.Release|Any CPU.Deploy.0 = Release|Any CPU
		{2080AAF0-EFA8-4D40-BDE0-23B13396E84C}.Release|iPhone.ActiveCfg = Release|Any CPU
		{2080AAF0-EFA8-4D40-BDE0-23B13396E84C}.Release|iPhone.Build.0 = Release|Any CPU
		{2080AAF0-EFA8-4D40-BDE0-23B13396E84C}.Release|iPhone.Deploy.0 = Release|Any CPU
		{2080AAF0-EFA8-4D40-BDE0-23B13396E84C}.Release|iPhoneSimulator.ActiveCfg = Release|Any CPU
		{2080AAF0-EFA8-4D40-BDE0-23B13396E84C}.Release|iPhoneSimulator.Build.0 = Release|Any CPU
		{2080AAF0-EFA8-4D40-BDE0-23B13396E84C}.Release|iPhoneSimulator.Deploy.0 = Release|Any CPU
		{890F9A13-56DF-4BD9-A841-CE982F0EF454}.Ad-Hoc|Any CPU.ActiveCfg = Ad-Hoc|iPhone
		{890F9A13-56DF-4BD9-A841-CE982F0EF454}.Ad-Hoc|Any CPU.Build.0 = Ad-Hoc|iPhone
		{890F9A13-56DF-4BD9-A841-CE982F0EF454}.Ad-Hoc|Any CPU.Deploy.0 = Ad-Hoc|iPhone
		{890F9A13-56DF-4BD9-A841-CE982F0EF454}.Ad-Hoc|iPhone.ActiveCfg = Ad-Hoc|iPhone
		{890F9A13-56DF-4BD9-A841-CE982F0EF454}.Ad-Hoc|iPhone.Build.0 = Ad-Hoc|iPhone
		{890F9A13-56DF-4BD9-A841-CE982F0EF454}.Ad-Hoc|iPhone.Deploy.0 = Ad-Hoc|iPhone
		{890F9A13-56DF-4BD9-A841-CE982F0EF454}.Ad-Hoc|iPhoneSimulator.ActiveCfg = Ad-Hoc|iPhoneSimulator
		{890F9A13-56DF-4BD9-A841-CE982F0EF454}.Ad-Hoc|iPhoneSimulator.Build.0 = Ad-Hoc|iPhoneSimulator
		{890F9A13-56DF-4BD9-A841-CE982F0EF454}.Ad-Hoc|iPhoneSimulator.Deploy.0 = Ad-Hoc|iPhoneSimulator
		{890F9A13-56DF-4BD9-A841-CE982F0EF454}.AppStore|Any CPU.ActiveCfg = AppStore|iPhone
		{890F9A13-56DF-4BD9-A841-CE982F0EF454}.AppStore|Any CPU.Build.0 = AppStore|iPhone
		{890F9A13-56DF-4BD9-A841-CE982F0EF454}.AppStore|Any CPU.Deploy.0 = AppStore|iPhone
		{890F9A13-56DF-4BD9-A841-CE982F0EF454}.AppStore|iPhone.ActiveCfg = AppStore|iPhone
		{890F9A13-56DF-4BD9-A841-CE982F0EF454}.AppStore|iPhone.Build.0 = AppStore|iPhone
		{890F9A13-56DF-4BD9-A841-CE982F0EF454}.AppStore|iPhone.Deploy.0 = AppStore|iPhone
		{890F9A13-56DF-4BD9-A841-CE982F0EF454}.AppStore|iPhoneSimulator.ActiveCfg = AppStore|iPhoneSimulator
		{890F9A13-56DF-4BD9-A841-CE982F0EF454}.AppStore|iPhoneSimulator.Build.0 = AppStore|iPhoneSimulator
		{890F9A13-56DF-4BD9-A841-CE982F0EF454}.AppStore|iPhoneSimulator.Deploy.0 = AppStore|iPhoneSimulator
		{890F9A13-56DF-4BD9-A841-CE982F0EF454}.Debug|Any CPU.ActiveCfg = Debug|iPhoneSimulator
		{890F9A13-56DF-4BD9-A841-CE982F0EF454}.Debug|Any CPU.Build.0 = Debug|iPhoneSimulator
		{890F9A13-56DF-4BD9-A841-CE982F0EF454}.Debug|Any CPU.Deploy.0 = Debug|iPhoneSimulator
		{890F9A13-56DF-4BD9-A841-CE982F0EF454}.Debug|iPhone.ActiveCfg = Debug|iPhone
		{890F9A13-56DF-4BD9-A841-CE982F0EF454}.Debug|iPhone.Build.0 = Debug|iPhone
		{890F9A13-56DF-4BD9-A841-CE982F0EF454}.Debug|iPhone.Deploy.0 = Debug|iPhone
		{890F9A13-56DF-4BD9-A841-CE982F0EF454}.Debug|iPhoneSimulator.ActiveCfg = Debug|iPhoneSimulator
		{890F9A13-56DF-4BD9-A841-CE982F0EF454}.Debug|iPhoneSimulator.Build.0 = Debug|iPhoneSimulator
		{890F9A13-56DF-4BD9-A841-CE982F0EF454}.Debug|iPhoneSimulator.Deploy.0 = Debug|iPhoneSimulator
		{890F9A13-56DF-4BD9-A841-CE982F0EF454}.Release|Any CPU.ActiveCfg = Release|iPhone
		{890F9A13-56DF-4BD9-A841-CE982F0EF454}.Release|Any CPU.Build.0 = Release|iPhone
		{890F9A13-56DF-4BD9-A841-CE982F0EF454}.Release|Any CPU.Deploy.0 = Release|iPhone
		{890F9A13-56DF-4BD9-A841-CE982F0EF454}.Release|iPhone.ActiveCfg = Release|iPhone
		{890F9A13-56DF-4BD9-A841-CE982F0EF454}.Release|iPhone.Build.0 = Release|iPhone
		{890F9A13-56DF-4BD9-A841-CE982F0EF454}.Release|iPhone.Deploy.0 = Release|iPhone
		{890F9A13-56DF-4BD9-A841-CE982F0EF454}.Release|iPhoneSimulator.ActiveCfg = Release|iPhoneSimulator
		{890F9A13-56DF-4BD9-A841-CE982F0EF454}.Release|iPhoneSimulator.Build.0 = Release|iPhoneSimulator
		{890F9A13-56DF-4BD9-A841-CE982F0EF454}.Release|iPhoneSimulator.Deploy.0 = Release|iPhoneSimulator
		{4D3EDABE-5B33-41CA-9469-FE246940FF40}.Ad-Hoc|Any CPU.ActiveCfg = Debug|Any CPU
		{4D3EDABE-5B33-41CA-9469-FE246940FF40}.Ad-Hoc|Any CPU.Build.0 = Debug|Any CPU
		{4D3EDABE-5B33-41CA-9469-FE246940FF40}.Ad-Hoc|Any CPU.Deploy.0 = Debug|Any CPU
		{4D3EDABE-5B33-41CA-9469-FE246940FF40}.Ad-Hoc|iPhone.ActiveCfg = Debug|Any CPU
		{4D3EDABE-5B33-41CA-9469-FE246940FF40}.Ad-Hoc|iPhone.Build.0 = Debug|Any CPU
		{4D3EDABE-5B33-41CA-9469-FE246940FF40}.Ad-Hoc|iPhone.Deploy.0 = Debug|Any CPU
		{4D3EDABE-5B33-41CA-9469-FE246940FF40}.Ad-Hoc|iPhoneSimulator.ActiveCfg = Debug|Any CPU
		{4D3EDABE-5B33-41CA-9469-FE246940FF40}.Ad-Hoc|iPhoneSimulator.Build.0 = Debug|Any CPU
		{4D3EDABE-5B33-41CA-9469-FE246940FF40}.Ad-Hoc|iPhoneSimulator.Deploy.0 = Debug|Any CPU
		{4D3EDABE-5B33-41CA-9469-FE246940FF40}.AppStore|Any CPU.ActiveCfg = Debug|Any CPU
		{4D3EDABE-5B33-41CA-9469-FE246940FF40}.AppStore|Any CPU.Build.0 = Debug|Any CPU
		{4D3EDABE-5B33-41CA-9469-FE246940FF40}.AppStore|Any CPU.Deploy.0 = Debug|Any CPU
		{4D3EDABE-5B33-41CA-9469-FE246940FF40}.AppStore|iPhone.ActiveCfg = Debug|Any CPU
		{4D3EDABE-5B33-41CA-9469-FE246940FF40}.AppStore|iPhone.Build.0 = Debug|Any CPU
		{4D3EDABE-5B33-41CA-9469-FE246940FF40}.AppStore|iPhone.Deploy.0 = Debug|Any CPU
		{4D3EDABE-5B33-41CA-9469-FE246940FF40}.AppStore|iPhoneSimulator.ActiveCfg = Debug|Any CPU
		{4D3EDABE-5B33-41CA-9469-FE246940FF40}.AppStore|iPhoneSimulator.Build.0 = Debug|Any CPU
		{4D3EDABE-5B33-41CA-9469-FE246940FF40}.AppStore|iPhoneSimulator.Deploy.0 = Debug|Any CPU
		{4D3EDABE-5B33-41CA-9469-FE246940FF40}.Debug|Any CPU.ActiveCfg = Debug|Any CPU
		{4D3EDABE-5B33-41CA-9469-FE246940FF40}.Debug|Any CPU.Build.0 = Debug|Any CPU
		{4D3EDABE-5B33-41CA-9469-FE246940FF40}.Debug|Any CPU.Deploy.0 = Debug|Any CPU
		{4D3EDABE-5B33-41CA-9469-FE246940FF40}.Debug|iPhone.ActiveCfg = Debug|Any CPU
		{4D3EDABE-5B33-41CA-9469-FE246940FF40}.Debug|iPhone.Build.0 = Debug|Any CPU
		{4D3EDABE-5B33-41CA-9469-FE246940FF40}.Debug|iPhone.Deploy.0 = Debug|Any CPU
		{4D3EDABE-5B33-41CA-9469-FE246940FF40}.Debug|iPhoneSimulator.ActiveCfg = Debug|Any CPU
		{4D3EDABE-5B33-41CA-9469-FE246940FF40}.Debug|iPhoneSimulator.Build.0 = Debug|Any CPU
		{4D3EDABE-5B33-41CA-9469-FE246940FF40}.Debug|iPhoneSimulator.Deploy.0 = Debug|Any CPU
		{4D3EDABE-5B33-41CA-9469-FE246940FF40}.Release|Any CPU.ActiveCfg = Release|Any CPU
		{4D3EDABE-5B33-41CA-9469-FE246940FF40}.Release|Any CPU.Build.0 = Release|Any CPU
		{4D3EDABE-5B33-41CA-9469-FE246940FF40}.Release|Any CPU.Deploy.0 = Release|Any CPU
		{4D3EDABE-5B33-41CA-9469-FE246940FF40}.Release|iPhone.ActiveCfg = Release|Any CPU
		{4D3EDABE-5B33-41CA-9469-FE246940FF40}.Release|iPhone.Build.0 = Release|Any CPU
		{4D3EDABE-5B33-41CA-9469-FE246940FF40}.Release|iPhone.Deploy.0 = Release|Any CPU
		{4D3EDABE-5B33-41CA-9469-FE246940FF40}.Release|iPhoneSimulator.ActiveCfg = Release|Any CPU
		{4D3EDABE-5B33-41CA-9469-FE246940FF40}.Release|iPhoneSimulator.Build.0 = Release|Any CPU
		{4D3EDABE-5B33-41CA-9469-FE246940FF40}.Release|iPhoneSimulator.Deploy.0 = Release|Any CPU
	EndGlobalSection
	GlobalSection(SolutionProperties) = preSolution
		HideSolutionNode = FALSE
	EndGlobalSection
	GlobalSection(ExtensibilityGlobals) = postSolution
		SolutionGuid = {47501957-8BE6-4961-9698-EAB7A3331A9F}
	EndGlobalSection
EndGlobal
